
Microsoft Visual Studio Solution File, Format Version 12.00
# Visual Studio 15
VisualStudioVersion = 15.0.28307.572
MinimumVisualStudioVersion = 10.0.40219.1
Project("{9A19103F-16F7-4668-BE54-9A1E7A4F7556}") = "grpc-middleware-client", "grpc-middleware-client\grpc-middleware-client.csproj", "{2D3D09DA-85D3-4945-8EEC-FBA118E5FFA1}"
EndProject
Project("{9A19103F-16F7-4668-BE54-9A1E7A4F7556}") = "grpc-middleware-server", "grpc-middleware-server\grpc-middleware-server.csproj", "{F596364E-E938-42F5-836F-C72438641D5E}"
EndProject
Project("{9A19103F-16F7-4668-BE54-9A1E7A4F7556}") = "Protos", "Protos\Protos.csproj", "{0F842BCB-1BE2-45B9-8773-A0F40B11853E}"
EndProject
Project("{9A19103F-16F7-4668-BE54-9A1E7A4F7556}") = "grpc-middleware-discovery-consul", "grpc-middleware-discovery-consul\grpc-middleware-discovery-consul.csproj", "{01E67F17-3B27-409D-9AC3-7727F9BE6616}"
EndProject
Project("{9A19103F-16F7-4668-BE54-9A1E7A4F7556}") = "grpc-middleware-discovery", "grpc-middleware-discovery\grpc-middleware-discovery.csproj", "{3E6FB317-CC7E-4A4E-A631-5289132C5085}"
EndProject
Project("{9A19103F-16F7-4668-BE54-9A1E7A4F7556}") = "grpc-middleware-server-protos", "grpc-middleware-server-protos\grpc-middleware-server-protos.csproj", "{0BF726C6-142E-481A-A074-CD78BFCF28A8}"
EndProject
Project("{9A19103F-16F7-4668-BE54-9A1E7A4F7556}") = "ServiceDiscovery", "ServiceDiscovery\ServiceDiscovery.csproj", "{B4F6AB5E-9A2F-468A-8CAC-6AC91E1BE3C4}"
EndProject
Project("{9A19103F-16F7-4668-BE54-9A1E7A4F7556}") = "ServiceDiscoveryClient", "ServiceDiscoveryClient\ServiceDiscoveryClient.csproj", "{BD68E9FF-4F9A-4A81-8D79-14D9D7A08243}"
EndProject
Project("{9A19103F-16F7-4668-BE54-9A1E7A4F7556}") = "ServiceDiscoveryServer", "ServiceDiscoveryServer\ServiceDiscoveryServer.csproj", "{9B67AED2-43C7-405D-889B-7A20C9B10E55}"
EndProject
Global
	GlobalSection(SolutionConfigurationPlatforms) = preSolution
		Debug|Any CPU = Debug|Any CPU
		Release|Any CPU = Release|Any CPU
	EndGlobalSection
	GlobalSection(ProjectConfigurationPlatforms) = postSolution
		{2D3D09DA-85D3-4945-8EEC-FBA118E5FFA1}.Debug|Any CPU.ActiveCfg = Debug|Any CPU
		{2D3D09DA-85D3-4945-8EEC-FBA118E5FFA1}.Debug|Any CPU.Build.0 = Debug|Any CPU
		{2D3D09DA-85D3-4945-8EEC-FBA118E5FFA1}.Release|Any CPU.ActiveCfg = Release|Any CPU
		{2D3D09DA-85D3-4945-8EEC-FBA118E5FFA1}.Release|Any CPU.Build.0 = Release|Any CPU
		{F596364E-E938-42F5-836F-C72438641D5E}.Debug|Any CPU.ActiveCfg = Debug|Any CPU
		{F596364E-E938-42F5-836F-C72438641D5E}.Debug|Any CPU.Build.0 = Debug|Any CPU
		{F596364E-E938-42F5-836F-C72438641D5E}.Release|Any CPU.ActiveCfg = Release|Any CPU
		{F596364E-E938-42F5-836F-C72438641D5E}.Release|Any CPU.Build.0 = Release|Any CPU
		{0F842BCB-1BE2-45B9-8773-A0F40B11853E}.Debug|Any CPU.ActiveCfg = Debug|Any CPU
		{0F842BCB-1BE2-45B9-8773-A0F40B11853E}.Debug|Any CPU.Build.0 = Debug|Any CPU
		{0F842BCB-1BE2-45B9-8773-A0F40B11853E}.Release|Any CPU.ActiveCfg = Release|Any CPU
		{0F842BCB-1BE2-45B9-8773-A0F40B11853E}.Release|Any CPU.Build.0 = Release|Any CPU
		{01E67F17-3B27-409D-9AC3-7727F9BE6616}.Debug|Any CPU.ActiveCfg = Debug|Any CPU
		{01E67F17-3B27-409D-9AC3-7727F9BE6616}.Debug|Any CPU.Build.0 = Debug|Any CPU
		{01E67F17-3B27-409D-9AC3-7727F9BE6616}.Release|Any CPU.ActiveCfg = Release|Any CPU
		{01E67F17-3B27-409D-9AC3-7727F9BE6616}.Release|Any CPU.Build.0 = Release|Any CPU
		{3E6FB317-CC7E-4A4E-A631-5289132C5085}.Debug|Any CPU.ActiveCfg = Debug|Any CPU
		{3E6FB317-CC7E-4A4E-A631-5289132C5085}.Debug|Any CPU.Build.0 = Debug|Any CPU
		{3E6FB317-CC7E-4A4E-A631-5289132C5085}.Release|Any CPU.ActiveCfg = Release|Any CPU
		{3E6FB317-CC7E-4A4E-A631-5289132C5085}.Release|Any CPU.Build.0 = Release|Any CPU
		{0BF726C6-142E-481A-A074-CD78BFCF28A8}.Debug|Any CPU.ActiveCfg = Debug|Any CPU
		{0BF726C6-142E-481A-A074-CD78BFCF28A8}.Debug|Any CPU.Build.0 = Debug|Any CPU
		{0BF726C6-142E-481A-A074-CD78BFCF28A8}.Release|Any CPU.ActiveCfg = Release|Any CPU
		{0BF726C6-142E-481A-A074-CD78BFCF28A8}.Release|Any CPU.Build.0 = Release|Any CPU
		{B4F6AB5E-9A2F-468A-8CAC-6AC91E1BE3C4}.Debug|Any CPU.ActiveCfg = Debug|Any CPU
		{B4F6AB5E-9A2F-468A-8CAC-6AC91E1BE3C4}.Debug|Any CPU.Build.0 = Debug|Any CPU
		{B4F6AB5E-9A2F-468A-8CAC-6AC91E1BE3C4}.Release|Any CPU.ActiveCfg = Release|Any CPU
		{B4F6AB5E-9A2F-468A-8CAC-6AC91E1BE3C4}.Release|Any CPU.Build.0 = Release|Any CPU
		{BD68E9FF-4F9A-4A81-8D79-14D9D7A08243}.Debug|Any CPU.ActiveCfg = Debug|Any CPU
		{BD68E9FF-4F9A-4A81-8D79-14D9D7A08243}.Debug|Any CPU.Build.0 = Debug|Any CPU
		{BD68E9FF-4F9A-4A81-8D79-14D9D7A08243}.Release|Any CPU.ActiveCfg = Release|Any CPU
		{BD68E9FF-4F9A-4A81-8D79-14D9D7A08243}.Release|Any CPU.Build.0 = Release|Any CPU
		{9B67AED2-43C7-405D-889B-7A20C9B10E55}.Debug|Any CPU.ActiveCfg = Debug|Any CPU
		{9B67AED2-43C7-405D-889B-7A20C9B10E55}.Debug|Any CPU.Build.0 = Debug|Any CPU
		{9B67AED2-43C7-405D-889B-7A20C9B10E55}.Release|Any CPU.ActiveCfg = Release|Any CPU
		{9B67AED2-43C7-405D-889B-7A20C9B10E55}.Release|Any CPU.Build.0 = Release|Any CPU
	EndGlobalSection
	GlobalSection(SolutionProperties) = preSolution
		HideSolutionNode = FALSE
	EndGlobalSection
	GlobalSection(ExtensibilityGlobals) = postSolution
		SolutionGuid = {308A5E68-378C-4C7A-A9A1-C4DC378781E7}
	EndGlobalSection
EndGlobal
